
Microsoft Visual Studio Solution File, Format Version 12.00
# Visual Studio Version 17
VisualStudioVersion = 17.0.31903.59
MinimumVisualStudioVersion = 10.0.40219.1
Project("{2150E333-8FDC-42A3-9474-1A3956D46DE8}") = "SDK", "SDK", "{FF13A09E-0E72-1904-124B-A4E979EF28D3}"
EndProject
Project("{FAE04EC0-301F-11D3-BF4B-00C04F79EFBC}") = "Iaphub", "src\Iaphub\Iaphub.csproj", "{E75D2AD6-4E88-4A27-9643-A41792CEC520}"
EndProject
Project("{2150E333-8FDC-42A3-9474-1A3956D46DE8}") = "Examples", "Examples", "{B36A84DF-456D-A817-6EDD-3EC3E7F6E11F}"
EndProject
Project("{FAE04EC0-301F-11D3-BF4B-00C04F79EFBC}") = "Iaphub.Example.Shared", "examples\Iaphub.Example.Shared\Iaphub.Example.Shared.csproj", "{6BE441B9-ADCF-4E98-89FA-5CFC360B0BA5}"
EndProject
Project("{2150E333-8FDC-42A3-9474-1A3956D46DE8}") = "Avalonia", "Avalonia", "{BE05A5E3-473A-6B03-47B3-4596B94ED8EB}"
EndProject
Project("{FAE04EC0-301F-11D3-BF4B-00C04F79EFBC}") = "Iaphub.Example.Avalonia", "examples\Iaphub.Example.Avalonia\Iaphub.Example.Avalonia\Iaphub.Example.Avalonia.csproj", "{E38B6CC9-CF74-4D57-8BF3-CB0504FB3B74}"
EndProject
Project("{FAE04EC0-301F-11D3-BF4B-00C04F79EFBC}") = "Iaphub.Example.Avalonia.iOS", "examples\Iaphub.Example.Avalonia\Iaphub.Example.Avalonia.iOS\Iaphub.Example.Avalonia.iOS.csproj", "{93E057C5-9EF0-4665-BACA-7278A3913FBE}"
EndProject
Project("{FAE04EC0-301F-11D3-BF4B-00C04F79EFBC}") = "Iaphub.Example.Avalonia.Simple.Android", "examples\Iaphub.Example.Avalonia.Simple\Iaphub.Example.Avalonia.Simple.Android\Iaphub.Example.Avalonia.Simple.Android.csproj", "{4B45C5C9-EB2D-4C1F-9EAB-2B1D511A6F0B}"
EndProject
Project("{2150E333-8FDC-42A3-9474-1A3956D46DE8}") = "MAUI", "MAUI", "{973084B5-6A15-0111-377E-C7A64DCD63A6}"
EndProject
Project("{FAE04EC0-301F-11D3-BF4B-00C04F79EFBC}") = "Iaphub.Example.Maui", "examples\Iaphub.Example.Maui\Iaphub.Example.Maui.csproj", "{FF8EB325-96FD-4644-B838-70674A023A7D}"
EndProject
Project("{2150E333-8FDC-42A3-9474-1A3956D46DE8}") = "NuGet", "NuGet", "{716D7539-5DA3-FF9C-C145-B0A9903F9415}"
EndProject
Project("{FAE04EC0-301F-11D3-BF4B-00C04F79EFBC}") = "Iaphub.Example.Nuget", "examples\Iaphub.Example.Nuget\Iaphub.Example.Nuget.csproj", "{532261AB-C4C3-452F-82AE-AC8D1F63A714}"
EndProject
Global
	GlobalSection(SolutionConfigurationPlatforms) = preSolution
		Debug|Any CPU = Debug|Any CPU
		Debug|x64 = Debug|x64
		Debug|x86 = Debug|x86
		Release|Any CPU = Release|Any CPU
		Release|x64 = Release|x64
		Release|x86 = Release|x86
	EndGlobalSection
	GlobalSection(ProjectConfigurationPlatforms) = postSolution
		{E75D2AD6-4E88-4A27-9643-A41792CEC520}.Debug|Any CPU.ActiveCfg = Debug|Any CPU
		{E75D2AD6-4E88-4A27-9643-A41792CEC520}.Debug|Any CPU.Build.0 = Debug|Any CPU
		{E75D2AD6-4E88-4A27-9643-A41792CEC520}.Debug|x64.ActiveCfg = Debug|Any CPU
		{E75D2AD6-4E88-4A27-9643-A41792CEC520}.Debug|x64.Build.0 = Debug|Any CPU
		{E75D2AD6-4E88-4A27-9643-A41792CEC520}.Debug|x86.ActiveCfg = Debug|Any CPU
		{E75D2AD6-4E88-4A27-9643-A41792CEC520}.Debug|x86.Build.0 = Debug|Any CPU
		{E75D2AD6-4E88-4A27-9643-A41792CEC520}.Release|Any CPU.ActiveCfg = Release|Any CPU
		{E75D2AD6-4E88-4A27-9643-A41792CEC520}.Release|Any CPU.Build.0 = Release|Any CPU
		{E75D2AD6-4E88-4A27-9643-A41792CEC520}.Release|x64.ActiveCfg = Release|Any CPU
		{E75D2AD6-4E88-4A27-9643-A41792CEC520}.Release|x64.Build.0 = Release|Any CPU
		{E75D2AD6-4E88-4A27-9643-A41792CEC520}.Release|x86.ActiveCfg = Release|Any CPU
		{E75D2AD6-4E88-4A27-9643-A41792CEC520}.Release|x86.Build.0 = Release|Any CPU
		{6BE441B9-ADCF-4E98-89FA-5CFC360B0BA5}.Debug|Any CPU.ActiveCfg = Debug|Any CPU
		{6BE441B9-ADCF-4E98-89FA-5CFC360B0BA5}.Debug|Any CPU.Build.0 = Debug|Any CPU
		{6BE441B9-ADCF-4E98-89FA-5CFC360B0BA5}.Debug|x64.ActiveCfg = Debug|Any CPU
		{6BE441B9-ADCF-4E98-89FA-5CFC360B0BA5}.Debug|x64.Build.0 = Debug|Any CPU
		{6BE441B9-ADCF-4E98-89FA-5CFC360B0BA5}.Debug|x86.ActiveCfg = Debug|Any CPU
		{6BE441B9-ADCF-4E98-89FA-5CFC360B0BA5}.Debug|x86.Build.0 = Debug|Any CPU
		{6BE441B9-ADCF-4E98-89FA-5CFC360B0BA5}.Release|Any CPU.ActiveCfg = Release|Any CPU
		{6BE441B9-ADCF-4E98-89FA-5CFC360B0BA5}.Release|Any CPU.Build.0 = Release|Any CPU
		{6BE441B9-ADCF-4E98-89FA-5CFC360B0BA5}.Release|x64.ActiveCfg = Release|Any CPU
		{6BE441B9-ADCF-4E98-89FA-5CFC360B0BA5}.Release|x64.Build.0 = Release|Any CPU
		{6BE441B9-ADCF-4E98-89FA-5CFC360B0BA5}.Release|x86.ActiveCfg = Release|Any CPU
		{6BE441B9-ADCF-4E98-89FA-5CFC360B0BA5}.Release|x86.Build.0 = Release|Any CPU
		{E38B6CC9-CF74-4D57-8BF3-CB0504FB3B74}.Debug|Any CPU.ActiveCfg = Debug|Any CPU
		{E38B6CC9-CF74-4D57-8BF3-CB0504FB3B74}.Debug|Any CPU.Build.0 = Debug|Any CPU
		{E38B6CC9-CF74-4D57-8BF3-CB0504FB3B74}.Debug|x64.ActiveCfg = Debug|Any CPU
		{E38B6CC9-CF74-4D57-8BF3-CB0504FB3B74}.Debug|x64.Build.0 = Debug|Any CPU
		{E38B6CC9-CF74-4D57-8BF3-CB0504FB3B74}.Debug|x86.ActiveCfg = Debug|Any CPU
		{E38B6CC9-CF74-4D57-8BF3-CB0504FB3B74}.Debug|x86.Build.0 = Debug|Any CPU
		{E38B6CC9-CF74-4D57-8BF3-CB0504FB3B74}.Release|Any CPU.ActiveCfg = Release|Any CPU
		{E38B6CC9-CF74-4D57-8BF3-CB0504FB3B74}.Release|Any CPU.Build.0 = Release|Any CPU
		{E38B6CC9-CF74-4D57-8BF3-CB0504FB3B74}.Release|x64.ActiveCfg = Release|Any CPU
		{E38B6CC9-CF74-4D57-8BF3-CB0504FB3B74}.Release|x64.Build.0 = Release|Any CPU
		{E38B6CC9-CF74-4D57-8BF3-CB0504FB3B74}.Release|x86.ActiveCfg = Release|Any CPU
		{E38B6CC9-CF74-4D57-8BF3-CB0504FB3B74}.Release|x86.Build.0 = Release|Any CPU
		{93E057C5-9EF0-4665-BACA-7278A3913FBE}.Debug|Any CPU.ActiveCfg = Debug|Any CPU
		{93E057C5-9EF0-4665-BACA-7278A3913FBE}.Debug|Any CPU.Build.0 = Debug|Any CPU
		{93E057C5-9EF0-4665-BACA-7278A3913FBE}.Debug|x64.ActiveCfg = Debug|Any CPU
		{93E057C5-9EF0-4665-BACA-7278A3913FBE}.Debug|x64.Build.0 = Debug|Any CPU
		{93E057C5-9EF0-4665-BACA-7278A3913FBE}.Debug|x86.ActiveCfg = Debug|Any CPU
		{93E057C5-9EF0-4665-BACA-7278A3913FBE}.Debug|x86.Build.0 = Debug|Any CPU
		{93E057C5-9EF0-4665-BACA-7278A3913FBE}.Release|Any CPU.ActiveCfg = Release|Any CPU
		{93E057C5-9EF0-4665-BACA-7278A3913FBE}.Release|Any CPU.Build.0 = Release|Any CPU
		{93E057C5-9EF0-4665-BACA-7278A3913FBE}.Release|x64.ActiveCfg = Release|Any CPU
		{93E057C5-9EF0-4665-BACA-7278A3913FBE}.Release|x64.Build.0 = Release|Any CPU
		{93E057C5-9EF0-4665-BACA-7278A3913FBE}.Release|x86.ActiveCfg = Release|Any CPU
		{93E057C5-9EF0-4665-BACA-7278A3913FBE}.Release|x86.Build.0 = Release|Any CPU
		{FF8EB325-96FD-4644-B838-70674A023A7D}.Debug|Any CPU.ActiveCfg = Debug|Any CPU
		{FF8EB325-96FD-4644-B838-70674A023A7D}.Debug|Any CPU.Build.0 = Debug|Any CPU
		{FF8EB325-96FD-4644-B838-70674A023A7D}.Debug|x64.ActiveCfg = Debug|Any CPU
		{FF8EB325-96FD-4644-B838-70674A023A7D}.Debug|x64.Build.0 = Debug|Any CPU
		{FF8EB325-96FD-4644-B838-70674A023A7D}.Debug|x86.ActiveCfg = Debug|Any CPU
		{FF8EB325-96FD-4644-B838-70674A023A7D}.Debug|x86.Build.0 = Debug|Any CPU
		{FF8EB325-96FD-4644-B838-70674A023A7D}.Release|Any CPU.ActiveCfg = Release|Any CPU
		{FF8EB325-96FD-4644-B838-70674A023A7D}.Release|Any CPU.Build.0 = Release|Any CPU
		{FF8EB325-96FD-4644-B838-70674A023A7D}.Release|x64.ActiveCfg = Release|Any CPU
		{FF8EB325-96FD-4644-B838-70674A023A7D}.Release|x64.Build.0 = Release|Any CPU
		{FF8EB325-96FD-4644-B838-70674A023A7D}.Release|x86.ActiveCfg = Release|Any CPU
		{FF8EB325-96FD-4644-B838-70674A023A7D}.Release|x86.Build.0 = Release|Any CPU
		{532261AB-C4C3-452F-82AE-AC8D1F63A714}.Debug|Any CPU.ActiveCfg = Debug|Any CPU
		{532261AB-C4C3-452F-82AE-AC8D1F63A714}.Debug|Any CPU.Build.0 = Debug|Any CPU
		{532261AB-C4C3-452F-82AE-AC8D1F63A714}.Debug|x64.ActiveCfg = Debug|Any CPU
		{532261AB-C4C3-452F-82AE-AC8D1F63A714}.Debug|x64.Build.0 = Debug|Any CPU
		{532261AB-C4C3-452F-82AE-AC8D1F63A714}.Debug|x86.ActiveCfg = Debug|Any CPU
		{532261AB-C4C3-452F-82AE-AC8D1F63A714}.Debug|x86.Build.0 = Debug|Any CPU
		{532261AB-C4C3-452F-82AE-AC8D1F63A714}.Release|Any CPU.ActiveCfg = Release|Any CPU
		{532261AB-C4C3-452F-82AE-AC8D1F63A714}.Release|Any CPU.Build.0 = Release|Any CPU
		{532261AB-C4C3-452F-82AE-AC8D1F63A714}.Release|x64.ActiveCfg = Release|Any CPU
		{532261AB-C4C3-452F-82AE-AC8D1F63A714}.Release|x64.Build.0 = Release|Any CPU
		{532261AB-C4C3-452F-82AE-AC8D1F63A714}.Release|x86.ActiveCfg = Release|Any CPU
		{532261AB-C4C3-452F-82AE-AC8D1F63A714}.Release|x86.Build.0 = Release|Any CPU
		{4B45C5C9-EB2D-4C1F-9EAB-2B1D511A6F0B}.Debug|Any CPU.ActiveCfg = Debug|Any CPU
		{4B45C5C9-EB2D-4C1F-9EAB-2B1D511A6F0B}.Debug|Any CPU.Build.0 = Debug|Any CPU
		{4B45C5C9-EB2D-4C1F-9EAB-2B1D511A6F0B}.Debug|x64.ActiveCfg = Debug|Any CPU
		{4B45C5C9-EB2D-4C1F-9EAB-2B1D511A6F0B}.Debug|x64.Build.0 = Debug|Any CPU
		{4B45C5C9-EB2D-4C1F-9EAB-2B1D511A6F0B}.Debug|x86.ActiveCfg = Debug|Any CPU
		{4B45C5C9-EB2D-4C1F-9EAB-2B1D511A6F0B}.Debug|x86.Build.0 = Debug|Any CPU
		{4B45C5C9-EB2D-4C1F-9EAB-2B1D511A6F0B}.Release|Any CPU.ActiveCfg = Release|Any CPU
		{4B45C5C9-EB2D-4C1F-9EAB-2B1D511A6F0B}.Release|Any CPU.Build.0 = Release|Any CPU
		{4B45C5C9-EB2D-4C1F-9EAB-2B1D511A6F0B}.Release|x64.ActiveCfg = Release|Any CPU
		{4B45C5C9-EB2D-4C1F-9EAB-2B1D511A6F0B}.Release|x64.Build.0 = Release|Any CPU
		{4B45C5C9-EB2D-4C1F-9EAB-2B1D511A6F0B}.Release|x86.ActiveCfg = Release|Any CPU
		{4B45C5C9-EB2D-4C1F-9EAB-2B1D511A6F0B}.Release|x86.Build.0 = Release|Any CPU
	EndGlobalSection
	GlobalSection(SolutionProperties) = preSolution
		HideSolutionNode = FALSE
	EndGlobalSection
	GlobalSection(NestedProjects) = preSolution
		{E75D2AD6-4E88-4A27-9643-A41792CEC520} = {FF13A09E-0E72-1904-124B-A4E979EF28D3}
		{6BE441B9-ADCF-4E98-89FA-5CFC360B0BA5} = {B36A84DF-456D-A817-6EDD-3EC3E7F6E11F}
		{BE05A5E3-473A-6B03-47B3-4596B94ED8EB} = {B36A84DF-456D-A817-6EDD-3EC3E7F6E11F}
		{E38B6CC9-CF74-4D57-8BF3-CB0504FB3B74} = {BE05A5E3-473A-6B03-47B3-4596B94ED8EB}
		{93E057C5-9EF0-4665-BACA-7278A3913FBE} = {BE05A5E3-473A-6B03-47B3-4596B94ED8EB}
		{4B45C5C9-EB2D-4C1F-9EAB-2B1D511A6F0B} = {BE05A5E3-473A-6B03-47B3-4596B94ED8EB}
		{973084B5-6A15-0111-377E-C7A64DCD63A6} = {B36A84DF-456D-A817-6EDD-3EC3E7F6E11F}
		{FF8EB325-96FD-4644-B838-70674A023A7D} = {973084B5-6A15-0111-377E-C7A64DCD63A6}
		{716D7539-5DA3-FF9C-C145-B0A9903F9415} = {B36A84DF-456D-A817-6EDD-3EC3E7F6E11F}
		{532261AB-C4C3-452F-82AE-AC8D1F63A714} = {716D7539-5DA3-FF9C-C145-B0A9903F9415}
	EndGlobalSection
EndGlobal
